# This file is generated by running "yarn install" inside your project.
# Manual changes might be lost - proceed with caution!

__metadata:
  version: 6
  cacheKey: 8

"ansi-regex@npm:^5.0.1":
  version: 5.0.1
  resolution: "ansi-regex@npm:5.0.1"
  checksum: 2aa4bb54caf2d622f1afdad09441695af2a83aa3fe8b8afa581d205e57ed4261c183c4d3877cee25794443fde5876417d859c108078ab788d6af7e4fe52eb66b
  languageName: node
  linkType: hard

"bluebird@npm:^3.7.2":
  version: 3.7.2
  resolution: "bluebird@npm:3.7.2"
  checksum: 869417503c722e7dc54ca46715f70e15f4d9c602a423a02c825570862d12935be59ed9c7ba34a9b31f186c017c23cac6b54e35446f8353059c101da73eac22ef
  languageName: node
  linkType: hard

"clone@npm:^1.0.2":
  version: 1.0.2
  resolution: "clone@npm:1.0.2"
  checksum: e883f0b4cea3a81fef05badae689fd30d9dc8d3aa2d87156b245f412a1767cd59b18d113d77c61d765e1a22de04b251518993861e013d8ddb64aadfa1e975efb
  languageName: node
  linkType: hard

"columnify@npm:^1.6.0":
  version: 1.6.0
  resolution: "columnify@npm:1.6.0"
  dependencies:
    strip-ansi: ^6.0.1
    wcwidth: ^1.0.0
  checksum: 0d590023616a27bcd2135c0f6ddd6fac94543263f9995538bbe391068976e30545e5534d369737ec7c3e9db4e53e70a277462de46aeb5a36e6997b4c7559c335
  languageName: node
  linkType: hard

"commander@npm:^11.0.0":
  version: 11.0.0
  resolution: "commander@npm:11.0.0"
  checksum: 6621954e1e1d078b4991c1f5bbd9439ad37aa7768d6ab4842de1dbd4d222c8a27e1b8e62108b3a92988614af45031d5bb2a2aaa92951f4d0c934d1a1ac564bb4
  languageName: node
  linkType: hard

"defaults@npm:^1.0.3":
  version: 1.0.3
  resolution: "defaults@npm:1.0.3"
  dependencies:
    clone: ^1.0.2
  checksum: 96e2112da6553d376afd5265ea7cbdb2a3b45535965d71ab8bb1da10c8126d168fdd5268799625324b368356d21ba2a7b3d4ec50961f11a47b7feb9de3d4413e
  languageName: node
  linkType: hard

"ssh-access-manager@workspace:.":
  version: 0.0.0-use.local
  resolution: "ssh-access-manager@workspace:."
  dependencies:
    bluebird: ^3.7.2
    columnify: ^1.6.0
    commander: ^11.0.0
  bin:
    ssh-key-manager: ./bin/server-man.js
  languageName: unknown
  linkType: soft

"strip-ansi@npm:^6.0.1":
  version: 6.0.1
  resolution: "strip-ansi@npm:6.0.1"
  dependencies:
    ansi-regex: ^5.0.1
  checksum: f3cd25890aef3ba6e1a74e20896c21a46f482e93df4a06567cebf2b57edabb15133f1f94e57434e0a958d61186087b1008e89c94875d019910a213181a14fc8c
  languageName: node
  linkType: hard

"wcwidth@npm:^1.0.0":
  version: 1.0.1
  resolution: "wcwidth@npm:1.0.1"
  dependencies:
    defaults: ^1.0.3
  checksum: 814e9d1ddcc9798f7377ffa448a5a3892232b9275ebb30a41b529607691c0491de47cba426e917a4d08ded3ee7e9ba2f3fe32e62ee3cd9c7d3bafb7754bd553c
  languageName: node
  linkType: hard
